
Microsoft Visual Studio Solution File, Format Version 12.00
# Visual Studio Version 17
VisualStudioVersion = 17.5.33530.505
MinimumVisualStudioVersion = 10.0.40219.1
Project("{FAE04EC0-301F-11D3-BF4B-00C04F79EFBC}") = "MammalsYonet", "MammalsYonet\MammalsYonet.csproj", "{925D97EB-A808-4F5D-A34E-1BD85D0151A3}"
EndProject
Global
	GlobalSection(SolutionConfigurationPlatforms) = preSolution
		Debug|Any CPU = Debug|Any CPU
		Release|Any CPU = Release|Any CPU
	EndGlobalSection
	GlobalSection(ProjectConfigurationPlatforms) = postSolution
		{925D97EB-A808-4F5D-A34E-1BD85D0151A3}.Debug|Any CPU.ActiveCfg = Debug|Any CPU
		{925D97EB-A808-4F5D-A34E-1BD85D0151A3}.Debug|Any CPU.Build.0 = Debug|Any CPU
		{925D97EB-A808-4F5D-A34E-1BD85D0151A3}.Release|Any CPU.ActiveCfg = Release|Any CPU
		{925D97EB-A808-4F5D-A34E-1BD85D0151A3}.Release|Any CPU.Build.0 = Release|Any CPU
	EndGlobalSection
	GlobalSection(SolutionProperties) = preSolution
		HideSolutionNode = FALSE
	EndGlobalSection
	GlobalSection(ExtensibilityGlobals) = postSolution
		SolutionGuid = {480BA86C-8D32-45AB-A692-931718AB6E06}
	EndGlobalSection
EndGlobal
