
Microsoft Visual Studio Solution File, Format Version 12.00
# Visual Studio Version 17
VisualStudioVersion = 17.6.33723.286
MinimumVisualStudioVersion = 10.0.40219.1
Project("{FAE04EC0-301F-11D3-BF4B-00C04F79EFBC}") = "nTP_Lab5_Form", "nTP_Lab5_Form\nTP_Lab5_Form.csproj", "{FD536E53-51B2-4F50-877E-12213BDD72F6}"
EndProject
Global
	GlobalSection(SolutionConfigurationPlatforms) = preSolution
		Debug|Any CPU = Debug|Any CPU
		Release|Any CPU = Release|Any CPU
	EndGlobalSection
	GlobalSection(ProjectConfigurationPlatforms) = postSolution
		{FD536E53-51B2-4F50-877E-12213BDD72F6}.Debug|Any CPU.ActiveCfg = Debug|Any CPU
		{FD536E53-51B2-4F50-877E-12213BDD72F6}.Debug|Any CPU.Build.0 = Debug|Any CPU
		{FD536E53-51B2-4F50-877E-12213BDD72F6}.Release|Any CPU.ActiveCfg = Release|Any CPU
		{FD536E53-51B2-4F50-877E-12213BDD72F6}.Release|Any CPU.Build.0 = Release|Any CPU
	EndGlobalSection
	GlobalSection(SolutionProperties) = preSolution
		HideSolutionNode = FALSE
	EndGlobalSection
	GlobalSection(ExtensibilityGlobals) = postSolution
		SolutionGuid = {F178FA85-C9B6-46FF-B910-510FB952E5A4}
	EndGlobalSection
EndGlobal
