
Microsoft Visual Studio Solution File, Format Version 12.00
# Visual Studio Version 17
VisualStudioVersion = 17.5.33530.505
MinimumVisualStudioVersion = 10.0.40219.1
Project("{FAE04EC0-301F-11D3-BF4B-00C04F79EFBC}") = "ConsoleApp2", "ConsoleApp2\ConsoleApp2.csproj", "{0DD33990-4F8B-4A85-B836-63DB612C0118}"
EndProject
Global
	GlobalSection(SolutionConfigurationPlatforms) = preSolution
		Debug|Any CPU = Debug|Any CPU
		Release|Any CPU = Release|Any CPU
	EndGlobalSection
	GlobalSection(ProjectConfigurationPlatforms) = postSolution
		{0DD33990-4F8B-4A85-B836-63DB612C0118}.Debug|Any CPU.ActiveCfg = Debug|Any CPU
		{0DD33990-4F8B-4A85-B836-63DB612C0118}.Debug|Any CPU.Build.0 = Debug|Any CPU
		{0DD33990-4F8B-4A85-B836-63DB612C0118}.Release|Any CPU.ActiveCfg = Release|Any CPU
		{0DD33990-4F8B-4A85-B836-63DB612C0118}.Release|Any CPU.Build.0 = Release|Any CPU
	EndGlobalSection
	GlobalSection(SolutionProperties) = preSolution
		HideSolutionNode = FALSE
	EndGlobalSection
	GlobalSection(ExtensibilityGlobals) = postSolution
		SolutionGuid = {F4E1BA29-D030-4977-B90E-7DF9A5E6895D}
	EndGlobalSection
EndGlobal
