
Microsoft Visual Studio Solution File, Format Version 12.00
# Visual Studio Version 17
VisualStudioVersion = 17.6.33723.286
MinimumVisualStudioVersion = 10.0.40219.1
Project("{FAE04EC0-301F-11D3-BF4B-00C04F79EFBC}") = "FormsApp_Week5", "FormsApp_Week5\FormsApp_Week5.csproj", "{E39C6616-64E5-4E3C-BCBF-499762416F4A}"
EndProject
Global
	GlobalSection(SolutionConfigurationPlatforms) = preSolution
		Debug|Any CPU = Debug|Any CPU
		Release|Any CPU = Release|Any CPU
	EndGlobalSection
	GlobalSection(ProjectConfigurationPlatforms) = postSolution
		{E39C6616-64E5-4E3C-BCBF-499762416F4A}.Debug|Any CPU.ActiveCfg = Debug|Any CPU
		{E39C6616-64E5-4E3C-BCBF-499762416F4A}.Debug|Any CPU.Build.0 = Debug|Any CPU
		{E39C6616-64E5-4E3C-BCBF-499762416F4A}.Release|Any CPU.ActiveCfg = Release|Any CPU
		{E39C6616-64E5-4E3C-BCBF-499762416F4A}.Release|Any CPU.Build.0 = Release|Any CPU
	EndGlobalSection
	GlobalSection(SolutionProperties) = preSolution
		HideSolutionNode = FALSE
	EndGlobalSection
	GlobalSection(ExtensibilityGlobals) = postSolution
		SolutionGuid = {BF11A726-D5C6-47C2-809C-604EB23FDEEB}
	EndGlobalSection
EndGlobal
