
Microsoft Visual Studio Solution File, Format Version 12.00
# Visual Studio Version 17
VisualStudioVersion = 17.6.33723.286
MinimumVisualStudioVersion = 10.0.40219.1
Project("{FAE04EC0-301F-11D3-BF4B-00C04F79EFBC}") = "nTPDers1", "nTPDers1\nTPDers1.csproj", "{AFF72B00-25E7-4B8D-A9EE-6A9D06F63838}"
EndProject
Global
	GlobalSection(SolutionConfigurationPlatforms) = preSolution
		Debug|Any CPU = Debug|Any CPU
		Release|Any CPU = Release|Any CPU
	EndGlobalSection
	GlobalSection(ProjectConfigurationPlatforms) = postSolution
		{AFF72B00-25E7-4B8D-A9EE-6A9D06F63838}.Debug|Any CPU.ActiveCfg = Debug|Any CPU
		{AFF72B00-25E7-4B8D-A9EE-6A9D06F63838}.Debug|Any CPU.Build.0 = Debug|Any CPU
		{AFF72B00-25E7-4B8D-A9EE-6A9D06F63838}.Release|Any CPU.ActiveCfg = Release|Any CPU
		{AFF72B00-25E7-4B8D-A9EE-6A9D06F63838}.Release|Any CPU.Build.0 = Release|Any CPU
	EndGlobalSection
	GlobalSection(SolutionProperties) = preSolution
		HideSolutionNode = FALSE
	EndGlobalSection
	GlobalSection(ExtensibilityGlobals) = postSolution
		SolutionGuid = {EF1F1B0A-B437-41FB-9FDE-D4C1494512CD}
	EndGlobalSection
EndGlobal
