
Microsoft Visual Studio Solution File, Format Version 12.00
# Visual Studio Version 17
VisualStudioVersion = 17.5.33530.505
MinimumVisualStudioVersion = 10.0.40219.1
Project("{FAE04EC0-301F-11D3-BF4B-00C04F79EFBC}") = "nTP1", "nTP1\nTP1.csproj", "{08C886FA-627C-4E6F-AA70-167A9B92D65F}"
EndProject
Global
	GlobalSection(SolutionConfigurationPlatforms) = preSolution
		Debug|Any CPU = Debug|Any CPU
		Release|Any CPU = Release|Any CPU
	EndGlobalSection
	GlobalSection(ProjectConfigurationPlatforms) = postSolution
		{08C886FA-627C-4E6F-AA70-167A9B92D65F}.Debug|Any CPU.ActiveCfg = Debug|Any CPU
		{08C886FA-627C-4E6F-AA70-167A9B92D65F}.Debug|Any CPU.Build.0 = Debug|Any CPU
		{08C886FA-627C-4E6F-AA70-167A9B92D65F}.Release|Any CPU.ActiveCfg = Release|Any CPU
		{08C886FA-627C-4E6F-AA70-167A9B92D65F}.Release|Any CPU.Build.0 = Release|Any CPU
	EndGlobalSection
	GlobalSection(SolutionProperties) = preSolution
		HideSolutionNode = FALSE
	EndGlobalSection
	GlobalSection(ExtensibilityGlobals) = postSolution
		SolutionGuid = {C302A11E-60B5-4883-B9C5-BFBAAF31A5DF}
	EndGlobalSection
EndGlobal
