
Microsoft Visual Studio Solution File, Format Version 12.00
# Visual Studio Version 17
VisualStudioVersion = 17.6.33829.357
MinimumVisualStudioVersion = 10.0.40219.1
Project("{FAE04EC0-301F-11D3-BF4B-00C04F79EFBC}") = "veritabani_baglanti", "veritabani_baglanti\veritabani_baglanti.csproj", "{2BC4F229-F6F8-4AE6-B2D3-0A799A8DDEF6}"
EndProject
Global
	GlobalSection(SolutionConfigurationPlatforms) = preSolution
		Debug|Any CPU = Debug|Any CPU
		Release|Any CPU = Release|Any CPU
	EndGlobalSection
	GlobalSection(ProjectConfigurationPlatforms) = postSolution
		{2BC4F229-F6F8-4AE6-B2D3-0A799A8DDEF6}.Debug|Any CPU.ActiveCfg = Debug|Any CPU
		{2BC4F229-F6F8-4AE6-B2D3-0A799A8DDEF6}.Debug|Any CPU.Build.0 = Debug|Any CPU
		{2BC4F229-F6F8-4AE6-B2D3-0A799A8DDEF6}.Release|Any CPU.ActiveCfg = Release|Any CPU
		{2BC4F229-F6F8-4AE6-B2D3-0A799A8DDEF6}.Release|Any CPU.Build.0 = Release|Any CPU
	EndGlobalSection
	GlobalSection(SolutionProperties) = preSolution
		HideSolutionNode = FALSE
	EndGlobalSection
	GlobalSection(ExtensibilityGlobals) = postSolution
		SolutionGuid = {820693D8-CA38-43D1-927C-558642B2A729}
	EndGlobalSection
EndGlobal
