
Microsoft Visual Studio Solution File, Format Version 12.00
# Visual Studio Version 17
VisualStudioVersion = 17.6.33723.286
MinimumVisualStudioVersion = 10.0.40219.1
Project("{FAE04EC0-301F-11D3-BF4B-00C04F79EFBC}") = "ConsoleApp_Week5", "ConsoleApp_Week5\ConsoleApp_Week5.csproj", "{198D7F4C-DB89-455A-B0B9-C5FD7B1BE476}"
EndProject
Global
	GlobalSection(SolutionConfigurationPlatforms) = preSolution
		Debug|Any CPU = Debug|Any CPU
		Release|Any CPU = Release|Any CPU
	EndGlobalSection
	GlobalSection(ProjectConfigurationPlatforms) = postSolution
		{198D7F4C-DB89-455A-B0B9-C5FD7B1BE476}.Debug|Any CPU.ActiveCfg = Debug|Any CPU
		{198D7F4C-DB89-455A-B0B9-C5FD7B1BE476}.Debug|Any CPU.Build.0 = Debug|Any CPU
		{198D7F4C-DB89-455A-B0B9-C5FD7B1BE476}.Release|Any CPU.ActiveCfg = Release|Any CPU
		{198D7F4C-DB89-455A-B0B9-C5FD7B1BE476}.Release|Any CPU.Build.0 = Release|Any CPU
	EndGlobalSection
	GlobalSection(SolutionProperties) = preSolution
		HideSolutionNode = FALSE
	EndGlobalSection
	GlobalSection(ExtensibilityGlobals) = postSolution
		SolutionGuid = {7F1373FD-1B3A-4BFF-B9F5-EBFECBC97503}
	EndGlobalSection
EndGlobal
